
Microsoft Visual Studio Solution File, Format Version 12.00
# Visual Studio Version 17
VisualStudioVersion = 17.0.31912.275
MinimumVisualStudioVersion = 10.0.40219.1
Project("{9A19103F-16F7-4668-BE54-9A1E7A4F7556}") = "Mcs", "Mcs\Mcs.csproj", "{0690E451-FF8C-4FA1-976B-B2D954005A4C}"
EndProject
Project("{9A19103F-16F7-4668-BE54-9A1E7A4F7556}") = "EmpiricalTesting", "EmpiricalTesting\EmpiricalTesting.csproj", "{7E1F45D7-21CE-40CC-A301-20B16E7C6EA4}"
EndProject
Global
	GlobalSection(SolutionConfigurationPlatforms) = preSolution
		Debug|Any CPU = Debug|Any CPU
		Release|Any CPU = Release|Any CPU
	EndGlobalSection
	GlobalSection(ProjectConfigurationPlatforms) = postSolution
		{0690E451-FF8C-4FA1-976B-B2D954005A4C}.Debug|Any CPU.ActiveCfg = Debug|Any CPU
		{0690E451-FF8C-4FA1-976B-B2D954005A4C}.Debug|Any CPU.Build.0 = Debug|Any CPU
		{0690E451-FF8C-4FA1-976B-B2D954005A4C}.Release|Any CPU.ActiveCfg = Release|Any CPU
		{0690E451-FF8C-4FA1-976B-B2D954005A4C}.Release|Any CPU.Build.0 = Release|Any CPU
		{7E1F45D7-21CE-40CC-A301-20B16E7C6EA4}.Debug|Any CPU.ActiveCfg = Debug|Any CPU
		{7E1F45D7-21CE-40CC-A301-20B16E7C6EA4}.Debug|Any CPU.Build.0 = Debug|Any CPU
		{7E1F45D7-21CE-40CC-A301-20B16E7C6EA4}.Release|Any CPU.ActiveCfg = Release|Any CPU
		{7E1F45D7-21CE-40CC-A301-20B16E7C6EA4}.Release|Any CPU.Build.0 = Release|Any CPU
	EndGlobalSection
	GlobalSection(SolutionProperties) = preSolution
		HideSolutionNode = FALSE
	EndGlobalSection
	GlobalSection(ExtensibilityGlobals) = postSolution
		SolutionGuid = {C3311E65-F66E-476B-8637-9A91A15B4FD1}
	EndGlobalSection
EndGlobal
